
Microsoft Visual Studio Solution File, Format Version 12.00
# Visual Studio Version 17
VisualStudioVersion = 17.5.33516.290
MinimumVisualStudioVersion = 10.0.40219.1
Project("{FAE04EC0-301F-11D3-BF4B-00C04F79EFBC}") = "XamarinOperaciones.Android", "XamarinFormsApp.Android\XamarinOperaciones.Android.csproj", "{1D102F7A-7E01-401C-8986-87B121909B55}"
EndProject
Project("{FAE04EC0-301F-11D3-BF4B-00C04F79EFBC}") = "XamarinOperaciones.iOS", "XamarinFormsApp.iOS\XamarinOperaciones.iOS.csproj", "{8AB82183-0117-494D-BD58-B2706F3BF964}"
EndProject
Project("{9A19103F-16F7-4668-BE54-9A1E7A4F7556}") = "XamarinOperaciones", "XamarinFormsApp\XamarinOperaciones.csproj", "{DC676C6F-1959-436E-9A8C-D6937A7A0745}"
EndProject
Global
	GlobalSection(SolutionConfigurationPlatforms) = preSolution
		Debug|Any CPU = Debug|Any CPU
		Debug|iPhone = Debug|iPhone
		Debug|iPhoneSimulator = Debug|iPhoneSimulator
		Release|Any CPU = Release|Any CPU
		Release|iPhone = Release|iPhone
		Release|iPhoneSimulator = Release|iPhoneSimulator
	EndGlobalSection
	GlobalSection(ProjectConfigurationPlatforms) = postSolution
		{1D102F7A-7E01-401C-8986-87B121909B55}.Debug|Any CPU.ActiveCfg = Debug|Any CPU
		{1D102F7A-7E01-401C-8986-87B121909B55}.Debug|Any CPU.Build.0 = Debug|Any CPU
		{1D102F7A-7E01-401C-8986-87B121909B55}.Debug|Any CPU.Deploy.0 = Debug|Any CPU
		{1D102F7A-7E01-401C-8986-87B121909B55}.Debug|iPhone.ActiveCfg = Debug|Any CPU
		{1D102F7A-7E01-401C-8986-87B121909B55}.Debug|iPhone.Build.0 = Debug|Any CPU
		{1D102F7A-7E01-401C-8986-87B121909B55}.Debug|iPhone.Deploy.0 = Debug|Any CPU
		{1D102F7A-7E01-401C-8986-87B121909B55}.Debug|iPhoneSimulator.ActiveCfg = Debug|Any CPU
		{1D102F7A-7E01-401C-8986-87B121909B55}.Debug|iPhoneSimulator.Build.0 = Debug|Any CPU
		{1D102F7A-7E01-401C-8986-87B121909B55}.Debug|iPhoneSimulator.Deploy.0 = Debug|Any CPU
		{1D102F7A-7E01-401C-8986-87B121909B55}.Release|Any CPU.ActiveCfg = Release|Any CPU
		{1D102F7A-7E01-401C-8986-87B121909B55}.Release|Any CPU.Build.0 = Release|Any CPU
		{1D102F7A-7E01-401C-8986-87B121909B55}.Release|Any CPU.Deploy.0 = Release|Any CPU
		{1D102F7A-7E01-401C-8986-87B121909B55}.Release|iPhone.ActiveCfg = Release|Any CPU
		{1D102F7A-7E01-401C-8986-87B121909B55}.Release|iPhone.Build.0 = Release|Any CPU
		{1D102F7A-7E01-401C-8986-87B121909B55}.Release|iPhone.Deploy.0 = Release|Any CPU
		{1D102F7A-7E01-401C-8986-87B121909B55}.Release|iPhoneSimulator.ActiveCfg = Release|Any CPU
		{1D102F7A-7E01-401C-8986-87B121909B55}.Release|iPhoneSimulator.Build.0 = Release|Any CPU
		{1D102F7A-7E01-401C-8986-87B121909B55}.Release|iPhoneSimulator.Deploy.0 = Release|Any CPU
		{8AB82183-0117-494D-BD58-B2706F3BF964}.Debug|Any CPU.ActiveCfg = Debug|iPhone
		{8AB82183-0117-494D-BD58-B2706F3BF964}.Debug|Any CPU.Build.0 = Debug|iPhone
		{8AB82183-0117-494D-BD58-B2706F3BF964}.Debug|Any CPU.Deploy.0 = Debug|iPhone
		{8AB82183-0117-494D-BD58-B2706F3BF964}.Debug|iPhone.ActiveCfg = Debug|iPhone
		{8AB82183-0117-494D-BD58-B2706F3BF964}.Debug|iPhone.Build.0 = Debug|iPhone
		{8AB82183-0117-494D-BD58-B2706F3BF964}.Debug|iPhone.Deploy.0 = Debug|iPhone
		{8AB82183-0117-494D-BD58-B2706F3BF964}.Debug|iPhoneSimulator.ActiveCfg = Debug|iPhoneSimulator
		{8AB82183-0117-494D-BD58-B2706F3BF964}.Debug|iPhoneSimulator.Build.0 = Debug|iPhoneSimulator
		{8AB82183-0117-494D-BD58-B2706F3BF964}.Debug|iPhoneSimulator.Deploy.0 = Debug|iPhoneSimulator
		{8AB82183-0117-494D-BD58-B2706F3BF964}.Release|Any CPU.ActiveCfg = Release|iPhoneSimulator
		{8AB82183-0117-494D-BD58-B2706F3BF964}.Release|Any CPU.Build.0 = Release|iPhoneSimulator
		{8AB82183-0117-494D-BD58-B2706F3BF964}.Release|Any CPU.Deploy.0 = Release|iPhoneSimulator
		{8AB82183-0117-494D-BD58-B2706F3BF964}.Release|iPhone.ActiveCfg = Release|iPhone
		{8AB82183-0117-494D-BD58-B2706F3BF964}.Release|iPhone.Build.0 = Release|iPhone
		{8AB82183-0117-494D-BD58-B2706F3BF964}.Release|iPhone.Deploy.0 = Release|iPhone
		{8AB82183-0117-494D-BD58-B2706F3BF964}.Release|iPhoneSimulator.ActiveCfg = Release|iPhoneSimulator
		{8AB82183-0117-494D-BD58-B2706F3BF964}.Release|iPhoneSimulator.Build.0 = Release|iPhoneSimulator
		{8AB82183-0117-494D-BD58-B2706F3BF964}.Release|iPhoneSimulator.Deploy.0 = Release|iPhoneSimulator
		{DC676C6F-1959-436E-9A8C-D6937A7A0745}.Debug|Any CPU.ActiveCfg = Debug|Any CPU
		{DC676C6F-1959-436E-9A8C-D6937A7A0745}.Debug|Any CPU.Build.0 = Debug|Any CPU
		{DC676C6F-1959-436E-9A8C-D6937A7A0745}.Debug|Any CPU.Deploy.0 = Debug|Any CPU
		{DC676C6F-1959-436E-9A8C-D6937A7A0745}.Debug|iPhone.ActiveCfg = Debug|Any CPU
		{DC676C6F-1959-436E-9A8C-D6937A7A0745}.Debug|iPhone.Build.0 = Debug|Any CPU
		{DC676C6F-1959-436E-9A8C-D6937A7A0745}.Debug|iPhone.Deploy.0 = Debug|Any CPU
		{DC676C6F-1959-436E-9A8C-D6937A7A0745}.Debug|iPhoneSimulator.ActiveCfg = Debug|Any CPU
		{DC676C6F-1959-436E-9A8C-D6937A7A0745}.Debug|iPhoneSimulator.Build.0 = Debug|Any CPU
		{DC676C6F-1959-436E-9A8C-D6937A7A0745}.Debug|iPhoneSimulator.Deploy.0 = Debug|Any CPU
		{DC676C6F-1959-436E-9A8C-D6937A7A0745}.Release|Any CPU.ActiveCfg = Release|Any CPU
		{DC676C6F-1959-436E-9A8C-D6937A7A0745}.Release|Any CPU.Build.0 = Release|Any CPU
		{DC676C6F-1959-436E-9A8C-D6937A7A0745}.Release|Any CPU.Deploy.0 = Release|Any CPU
		{DC676C6F-1959-436E-9A8C-D6937A7A0745}.Release|iPhone.ActiveCfg = Release|Any CPU
		{DC676C6F-1959-436E-9A8C-D6937A7A0745}.Release|iPhone.Build.0 = Release|Any CPU
		{DC676C6F-1959-436E-9A8C-D6937A7A0745}.Release|iPhone.Deploy.0 = Release|Any CPU
		{DC676C6F-1959-436E-9A8C-D6937A7A0745}.Release|iPhoneSimulator.ActiveCfg = Release|Any CPU
		{DC676C6F-1959-436E-9A8C-D6937A7A0745}.Release|iPhoneSimulator.Build.0 = Release|Any CPU
		{DC676C6F-1959-436E-9A8C-D6937A7A0745}.Release|iPhoneSimulator.Deploy.0 = Release|Any CPU
	EndGlobalSection
	GlobalSection(SolutionProperties) = preSolution
		HideSolutionNode = FALSE
	EndGlobalSection
	GlobalSection(ExtensibilityGlobals) = postSolution
		SolutionGuid = {7989CB60-0AED-4783-B310-AD7C9E77FA70}
	EndGlobalSection
EndGlobal
